
Microsoft Visual Studio Solution File, Format Version 12.00
# Visual Studio Version 16
VisualStudioVersion = 16.0.29020.237
MinimumVisualStudioVersion = 10.0.40219.1
Project("{FAE04EC0-301F-11D3-BF4B-00C04F79EFBC}") = "01_Giris", "01_Giris\01_Giris.csproj", "{15D7ECF8-419D-40C9-BFD7-FB922D0FFACF}"
EndProject
Project("{FAE04EC0-301F-11D3-BF4B-00C04F79EFBC}") = "02_Operatorler", "02_Operatorler\02_Operatorler.csproj", "{E368E710-F339-477C-9180-A0CF310DEBF2}"
EndProject
Project("{FAE04EC0-301F-11D3-BF4B-00C04F79EFBC}") = "03_IFYapisi", "03_IFYapisi\03_IFYapisi.csproj", "{E54A9BA4-5EA9-4FC6-95D4-36E4A9F2E13F}"
EndProject
Project("{FAE04EC0-301F-11D3-BF4B-00C04F79EFBC}") = "04_SwitchCaseYapisi", "04_SwitchCaseYapisi\04_SwitchCaseYapisi.csproj", "{3FD53B5E-5F91-4BFE-A1D8-41999CF947CC}"
EndProject
Project("{FAE04EC0-301F-11D3-BF4B-00C04F79EFBC}") = "05_WhileDonguYapisi", "05_WhileDonguYapisi\05_WhileDonguYapisi.csproj", "{0A4B3576-9C12-43E7-A46C-27DC9C24716B}"
EndProject
Project("{FAE04EC0-301F-11D3-BF4B-00C04F79EFBC}") = "06_DoWhileDonguYapisi", "06_DoWhileDonguYapisi\06_DoWhileDonguYapisi.csproj", "{DD8B8A6F-9C73-4950-B421-F64AD426F16F}"
EndProject
Project("{FAE04EC0-301F-11D3-BF4B-00C04F79EFBC}") = "07_ForDonguYapisi", "07_ForDonguYapisi\07_ForDonguYapisi.csproj", "{1233F6AE-54F2-4A59-B1E6-F02814312015}"
EndProject
Project("{FAE04EC0-301F-11D3-BF4B-00C04F79EFBC}") = "08_JumpingKeywords", "08_JumpingKeywords\08_JumpingKeywords.csproj", "{20E29139-8573-4F78-A22F-7E2BD50AE28C}"
EndProject
Project("{FAE04EC0-301F-11D3-BF4B-00C04F79EFBC}") = "09_MantiksalOperatorler_TernaryIf", "09_MantiksalOperatorler_TernaryIf\09_MantiksalOperatorler_TernaryIf.csproj", "{A8B3E924-1F17-45E0-B4E8-FBC8E30BCFA6}"
EndProject
Project("{FAE04EC0-301F-11D3-BF4B-00C04F79EFBC}") = "10_Arrays", "10_Arrays\10_Arrays.csproj", "{97508986-F11E-4BBB-A314-9C524E33DC0A}"
EndProject
Project("{FAE04EC0-301F-11D3-BF4B-00C04F79EFBC}") = "11_Metotlar_Giris", "11_Metotlar_Giris\11_Metotlar_Giris.csproj", "{03B63393-B75A-40F2-BB33-7B0C72D3A409}"
EndProject
Global
	GlobalSection(SolutionConfigurationPlatforms) = preSolution
		Debug|Any CPU = Debug|Any CPU
		Release|Any CPU = Release|Any CPU
	EndGlobalSection
	GlobalSection(ProjectConfigurationPlatforms) = postSolution
		{15D7ECF8-419D-40C9-BFD7-FB922D0FFACF}.Debug|Any CPU.ActiveCfg = Debug|Any CPU
		{15D7ECF8-419D-40C9-BFD7-FB922D0FFACF}.Debug|Any CPU.Build.0 = Debug|Any CPU
		{15D7ECF8-419D-40C9-BFD7-FB922D0FFACF}.Release|Any CPU.ActiveCfg = Release|Any CPU
		{15D7ECF8-419D-40C9-BFD7-FB922D0FFACF}.Release|Any CPU.Build.0 = Release|Any CPU
		{E368E710-F339-477C-9180-A0CF310DEBF2}.Debug|Any CPU.ActiveCfg = Debug|Any CPU
		{E368E710-F339-477C-9180-A0CF310DEBF2}.Debug|Any CPU.Build.0 = Debug|Any CPU
		{E368E710-F339-477C-9180-A0CF310DEBF2}.Release|Any CPU.ActiveCfg = Release|Any CPU
		{E368E710-F339-477C-9180-A0CF310DEBF2}.Release|Any CPU.Build.0 = Release|Any CPU
		{E54A9BA4-5EA9-4FC6-95D4-36E4A9F2E13F}.Debug|Any CPU.ActiveCfg = Debug|Any CPU
		{E54A9BA4-5EA9-4FC6-95D4-36E4A9F2E13F}.Debug|Any CPU.Build.0 = Debug|Any CPU
		{E54A9BA4-5EA9-4FC6-95D4-36E4A9F2E13F}.Release|Any CPU.ActiveCfg = Release|Any CPU
		{E54A9BA4-5EA9-4FC6-95D4-36E4A9F2E13F}.Release|Any CPU.Build.0 = Release|Any CPU
		{3FD53B5E-5F91-4BFE-A1D8-41999CF947CC}.Debug|Any CPU.ActiveCfg = Debug|Any CPU
		{3FD53B5E-5F91-4BFE-A1D8-41999CF947CC}.Debug|Any CPU.Build.0 = Debug|Any CPU
		{3FD53B5E-5F91-4BFE-A1D8-41999CF947CC}.Release|Any CPU.ActiveCfg = Release|Any CPU
		{3FD53B5E-5F91-4BFE-A1D8-41999CF947CC}.Release|Any CPU.Build.0 = Release|Any CPU
		{0A4B3576-9C12-43E7-A46C-27DC9C24716B}.Debug|Any CPU.ActiveCfg = Debug|Any CPU
		{0A4B3576-9C12-43E7-A46C-27DC9C24716B}.Debug|Any CPU.Build.0 = Debug|Any CPU
		{0A4B3576-9C12-43E7-A46C-27DC9C24716B}.Release|Any CPU.ActiveCfg = Release|Any CPU
		{0A4B3576-9C12-43E7-A46C-27DC9C24716B}.Release|Any CPU.Build.0 = Release|Any CPU
		{DD8B8A6F-9C73-4950-B421-F64AD426F16F}.Debug|Any CPU.ActiveCfg = Debug|Any CPU
		{DD8B8A6F-9C73-4950-B421-F64AD426F16F}.Debug|Any CPU.Build.0 = Debug|Any CPU
		{DD8B8A6F-9C73-4950-B421-F64AD426F16F}.Release|Any CPU.ActiveCfg = Release|Any CPU
		{DD8B8A6F-9C73-4950-B421-F64AD426F16F}.Release|Any CPU.Build.0 = Release|Any CPU
		{1233F6AE-54F2-4A59-B1E6-F02814312015}.Debug|Any CPU.ActiveCfg = Debug|Any CPU
		{1233F6AE-54F2-4A59-B1E6-F02814312015}.Debug|Any CPU.Build.0 = Debug|Any CPU
		{1233F6AE-54F2-4A59-B1E6-F02814312015}.Release|Any CPU.ActiveCfg = Release|Any CPU
		{1233F6AE-54F2-4A59-B1E6-F02814312015}.Release|Any CPU.Build.0 = Release|Any CPU
		{20E29139-8573-4F78-A22F-7E2BD50AE28C}.Debug|Any CPU.ActiveCfg = Debug|Any CPU
		{20E29139-8573-4F78-A22F-7E2BD50AE28C}.Debug|Any CPU.Build.0 = Debug|Any CPU
		{20E29139-8573-4F78-A22F-7E2BD50AE28C}.Release|Any CPU.ActiveCfg = Release|Any CPU
		{20E29139-8573-4F78-A22F-7E2BD50AE28C}.Release|Any CPU.Build.0 = Release|Any CPU
		{A8B3E924-1F17-45E0-B4E8-FBC8E30BCFA6}.Debug|Any CPU.ActiveCfg = Debug|Any CPU
		{A8B3E924-1F17-45E0-B4E8-FBC8E30BCFA6}.Debug|Any CPU.Build.0 = Debug|Any CPU
		{A8B3E924-1F17-45E0-B4E8-FBC8E30BCFA6}.Release|Any CPU.ActiveCfg = Release|Any CPU
		{A8B3E924-1F17-45E0-B4E8-FBC8E30BCFA6}.Release|Any CPU.Build.0 = Release|Any CPU
		{97508986-F11E-4BBB-A314-9C524E33DC0A}.Debug|Any CPU.ActiveCfg = Debug|Any CPU
		{97508986-F11E-4BBB-A314-9C524E33DC0A}.Debug|Any CPU.Build.0 = Debug|Any CPU
		{97508986-F11E-4BBB-A314-9C524E33DC0A}.Release|Any CPU.ActiveCfg = Release|Any CPU
		{97508986-F11E-4BBB-A314-9C524E33DC0A}.Release|Any CPU.Build.0 = Release|Any CPU
		{03B63393-B75A-40F2-BB33-7B0C72D3A409}.Debug|Any CPU.ActiveCfg = Debug|Any CPU
		{03B63393-B75A-40F2-BB33-7B0C72D3A409}.Debug|Any CPU.Build.0 = Debug|Any CPU
		{03B63393-B75A-40F2-BB33-7B0C72D3A409}.Release|Any CPU.ActiveCfg = Release|Any CPU
		{03B63393-B75A-40F2-BB33-7B0C72D3A409}.Release|Any CPU.Build.0 = Release|Any CPU
	EndGlobalSection
	GlobalSection(SolutionProperties) = preSolution
		HideSolutionNode = FALSE
	EndGlobalSection
	GlobalSection(ExtensibilityGlobals) = postSolution
		SolutionGuid = {5F67AF72-E32E-4B9C-A641-91DB311C7984}
	EndGlobalSection
EndGlobal
