
Microsoft Visual Studio Solution File, Format Version 12.00
# Visual Studio Version 17
VisualStudioVersion = 17.2.32616.157
MinimumVisualStudioVersion = 10.0.40219.1
Project("{FAE04EC0-301F-11D3-BF4B-00C04F79EFBC}") = "01_Giris", "01_Giris\01_Giris.csproj", "{15D7ECF8-419D-40C9-BFD7-FB922D0FFACF}"
EndProject
Project("{FAE04EC0-301F-11D3-BF4B-00C04F79EFBC}") = "02_Operatorler", "02_Operatorler\02_Operatorler.csproj", "{E368E710-F339-477C-9180-A0CF310DEBF2}"
EndProject
Project("{FAE04EC0-301F-11D3-BF4B-00C04F79EFBC}") = "03_IFYapisi", "03_IFYapisi\03_IFYapisi.csproj", "{E54A9BA4-5EA9-4FC6-95D4-36E4A9F2E13F}"
EndProject
Project("{FAE04EC0-301F-11D3-BF4B-00C04F79EFBC}") = "04_SwitchCaseYapisi", "04_SwitchCaseYapisi\04_SwitchCaseYapisi.csproj", "{3FD53B5E-5F91-4BFE-A1D8-41999CF947CC}"
EndProject
Project("{FAE04EC0-301F-11D3-BF4B-00C04F79EFBC}") = "05_WhileDonguYapisi", "05_WhileDonguYapisi\05_WhileDonguYapisi.csproj", "{0A4B3576-9C12-43E7-A46C-27DC9C24716B}"
EndProject
Project("{FAE04EC0-301F-11D3-BF4B-00C04F79EFBC}") = "06_DoWhileDonguYapisi", "06_DoWhileDonguYapisi\06_DoWhileDonguYapisi.csproj", "{DD8B8A6F-9C73-4950-B421-F64AD426F16F}"
EndProject
Project("{FAE04EC0-301F-11D3-BF4B-00C04F79EFBC}") = "07_ForDonguYapisi", "07_ForDonguYapisi\07_ForDonguYapisi.csproj", "{1233F6AE-54F2-4A59-B1E6-F02814312015}"
EndProject
Project("{FAE04EC0-301F-11D3-BF4B-00C04F79EFBC}") = "08_JumpingKeywords", "08_JumpingKeywords\08_JumpingKeywords.csproj", "{20E29139-8573-4F78-A22F-7E2BD50AE28C}"
EndProject
Project("{FAE04EC0-301F-11D3-BF4B-00C04F79EFBC}") = "09_MantiksalOperatorler_TernaryIf", "09_MantiksalOperatorler_TernaryIf\09_MantiksalOperatorler_TernaryIf.csproj", "{A8B3E924-1F17-45E0-B4E8-FBC8E30BCFA6}"
EndProject
Project("{FAE04EC0-301F-11D3-BF4B-00C04F79EFBC}") = "10_Arrays", "10_Arrays\10_Arrays.csproj", "{97508986-F11E-4BBB-A314-9C524E33DC0A}"
EndProject
Project("{FAE04EC0-301F-11D3-BF4B-00C04F79EFBC}") = "11_Metotlar_Giris", "11_Metotlar_Giris\11_Metotlar_Giris.csproj", "{03B63393-B75A-40F2-BB33-7B0C72D3A409}"
EndProject
Project("{FAE04EC0-301F-11D3-BF4B-00C04F79EFBC}") = "12_Metotlar", "12_Metotlar\12_Metotlar.csproj", "{27F0C724-A4B2-4F47-AB91-5A7CC931F5BF}"
EndProject
Project("{FAE04EC0-301F-11D3-BF4B-00C04F79EFBC}") = "13_ArrayMetotlar", "13_ArrayMetotlar\13_ArrayMetotlar.csproj", "{FAAC6D5B-D538-41F0-9953-4707ACC8A387}"
EndProject
Project("{FAE04EC0-301F-11D3-BF4B-00C04F79EFBC}") = "14_StringMetotlar", "14_StringMetotlar\14_StringMetotlar.csproj", "{4540B337-22C5-47DA-BF9F-2A7765AB0EFB}"
EndProject
Project("{FAE04EC0-301F-11D3-BF4B-00C04F79EFBC}") = "15_OOP_Kapsulleme(Encapsulation)", "15_OOP_Kapsulleme(Encapsulation)\15_OOP_Kapsulleme(Encapsulation).csproj", "{1880A4E6-4EE8-4724-BFD9-AAE68F685402}"
EndProject
Project("{FAE04EC0-301F-11D3-BF4B-00C04F79EFBC}") = "16_OOP_PropertyAccessModifiers", "16_OOP_PropertyAccessModifiers\16_OOP_PropertyAccessModifiers.csproj", "{233B05CC-9FE2-4C10-B5FE-F5CE66632A7E}"
EndProject
Project("{FAE04EC0-301F-11D3-BF4B-00C04F79EFBC}") = "16_OOP_MathLibrary", "16_OOP_MathLibrary\16_OOP_MathLibrary.csproj", "{98EFAE23-F41E-4708-A442-C8534BDB42A9}"
EndProject
Project("{FAE04EC0-301F-11D3-BF4B-00C04F79EFBC}") = "17_OOP_Kalitim(Inheritance)", "17_OOP_Kalitim(Inheritance)\17_OOP_Kalitim(Inheritance).csproj", "{B13D6D31-D5CB-4174-A3AB-A1C04693D56B}"
EndProject
Project("{FAE04EC0-301F-11D3-BF4B-00C04F79EFBC}") = "18_OOP_Polymorphism", "18_OOP_Polymorphism\18_OOP_Polymorphism.csproj", "{C284D150-CFD5-45BA-8AC9-764D676BDA41}"
EndProject
Project("{FAE04EC0-301F-11D3-BF4B-00C04F79EFBC}") = "19_OOP_Abstraction", "19_OOP_Abstraction\19_OOP_Abstraction.csproj", "{ADF98A53-B8FE-4537-B1F6-465A7464371E}"
EndProject
Project("{FAE04EC0-301F-11D3-BF4B-00C04F79EFBC}") = "20_OOP_Abstract_vs_Interface", "20_OOP_Abstract_vs_Interface\20_OOP_Abstract_vs_Interface.csproj", "{5D4DE404-AB2C-4413-ABFC-59365CD85DA5}"
EndProject
Project("{FAE04EC0-301F-11D3-BF4B-00C04F79EFBC}") = "21_Deger_Referans_Tipler", "21_Deger_Referans_Tipler\21_Deger_Referans_Tipler.csproj", "{7ED54D75-3B9B-4467-8DBE-E16BDC65CFF7}"
EndProject
Project("{FAE04EC0-301F-11D3-BF4B-00C04F79EFBC}") = "22_Static_Class", "22_Static_Class_Generic_Tipler\22_Static_Class.csproj", "{E15BC971-0DCC-4D11-B1BF-95BFE0222722}"
EndProject
Project("{FAE04EC0-301F-11D3-BF4B-00C04F79EFBC}") = "23_Generic_Types", "23_Generic_Types\23_Generic_Types.csproj", "{C68D877C-9459-4E47-9785-82D8FE9BBB76}"
EndProject
Project("{FAE04EC0-301F-11D3-BF4B-00C04F79EFBC}") = "24_Delegate_Event", "24_Delegate_Event\24_Delegate_Event.csproj", "{52A97E13-E06F-44AA-8A22-9E0DE620D3B9}"
EndProject
Project("{FAE04EC0-301F-11D3-BF4B-00C04F79EFBC}") = "01_GirisNew", "01_GirisNew\01_GirisNew.csproj", "{53E2773B-A39E-40EA-A210-68B0F8E01DDA}"
EndProject
Global
	GlobalSection(SolutionConfigurationPlatforms) = preSolution
		Debug|Any CPU = Debug|Any CPU
		Release|Any CPU = Release|Any CPU
	EndGlobalSection
	GlobalSection(ProjectConfigurationPlatforms) = postSolution
		{15D7ECF8-419D-40C9-BFD7-FB922D0FFACF}.Debug|Any CPU.ActiveCfg = Debug|Any CPU
		{15D7ECF8-419D-40C9-BFD7-FB922D0FFACF}.Debug|Any CPU.Build.0 = Debug|Any CPU
		{15D7ECF8-419D-40C9-BFD7-FB922D0FFACF}.Release|Any CPU.ActiveCfg = Release|Any CPU
		{15D7ECF8-419D-40C9-BFD7-FB922D0FFACF}.Release|Any CPU.Build.0 = Release|Any CPU
		{E368E710-F339-477C-9180-A0CF310DEBF2}.Debug|Any CPU.ActiveCfg = Debug|Any CPU
		{E368E710-F339-477C-9180-A0CF310DEBF2}.Debug|Any CPU.Build.0 = Debug|Any CPU
		{E368E710-F339-477C-9180-A0CF310DEBF2}.Release|Any CPU.ActiveCfg = Release|Any CPU
		{E368E710-F339-477C-9180-A0CF310DEBF2}.Release|Any CPU.Build.0 = Release|Any CPU
		{E54A9BA4-5EA9-4FC6-95D4-36E4A9F2E13F}.Debug|Any CPU.ActiveCfg = Debug|Any CPU
		{E54A9BA4-5EA9-4FC6-95D4-36E4A9F2E13F}.Debug|Any CPU.Build.0 = Debug|Any CPU
		{E54A9BA4-5EA9-4FC6-95D4-36E4A9F2E13F}.Release|Any CPU.ActiveCfg = Release|Any CPU
		{E54A9BA4-5EA9-4FC6-95D4-36E4A9F2E13F}.Release|Any CPU.Build.0 = Release|Any CPU
		{3FD53B5E-5F91-4BFE-A1D8-41999CF947CC}.Debug|Any CPU.ActiveCfg = Debug|Any CPU
		{3FD53B5E-5F91-4BFE-A1D8-41999CF947CC}.Debug|Any CPU.Build.0 = Debug|Any CPU
		{3FD53B5E-5F91-4BFE-A1D8-41999CF947CC}.Release|Any CPU.ActiveCfg = Release|Any CPU
		{3FD53B5E-5F91-4BFE-A1D8-41999CF947CC}.Release|Any CPU.Build.0 = Release|Any CPU
		{0A4B3576-9C12-43E7-A46C-27DC9C24716B}.Debug|Any CPU.ActiveCfg = Debug|Any CPU
		{0A4B3576-9C12-43E7-A46C-27DC9C24716B}.Debug|Any CPU.Build.0 = Debug|Any CPU
		{0A4B3576-9C12-43E7-A46C-27DC9C24716B}.Release|Any CPU.ActiveCfg = Release|Any CPU
		{0A4B3576-9C12-43E7-A46C-27DC9C24716B}.Release|Any CPU.Build.0 = Release|Any CPU
		{DD8B8A6F-9C73-4950-B421-F64AD426F16F}.Debug|Any CPU.ActiveCfg = Debug|Any CPU
		{DD8B8A6F-9C73-4950-B421-F64AD426F16F}.Debug|Any CPU.Build.0 = Debug|Any CPU
		{DD8B8A6F-9C73-4950-B421-F64AD426F16F}.Release|Any CPU.ActiveCfg = Release|Any CPU
		{DD8B8A6F-9C73-4950-B421-F64AD426F16F}.Release|Any CPU.Build.0 = Release|Any CPU
		{1233F6AE-54F2-4A59-B1E6-F02814312015}.Debug|Any CPU.ActiveCfg = Debug|Any CPU
		{1233F6AE-54F2-4A59-B1E6-F02814312015}.Debug|Any CPU.Build.0 = Debug|Any CPU
		{1233F6AE-54F2-4A59-B1E6-F02814312015}.Release|Any CPU.ActiveCfg = Release|Any CPU
		{1233F6AE-54F2-4A59-B1E6-F02814312015}.Release|Any CPU.Build.0 = Release|Any CPU
		{20E29139-8573-4F78-A22F-7E2BD50AE28C}.Debug|Any CPU.ActiveCfg = Debug|Any CPU
		{20E29139-8573-4F78-A22F-7E2BD50AE28C}.Debug|Any CPU.Build.0 = Debug|Any CPU
		{20E29139-8573-4F78-A22F-7E2BD50AE28C}.Release|Any CPU.ActiveCfg = Release|Any CPU
		{20E29139-8573-4F78-A22F-7E2BD50AE28C}.Release|Any CPU.Build.0 = Release|Any CPU
		{A8B3E924-1F17-45E0-B4E8-FBC8E30BCFA6}.Debug|Any CPU.ActiveCfg = Debug|Any CPU
		{A8B3E924-1F17-45E0-B4E8-FBC8E30BCFA6}.Debug|Any CPU.Build.0 = Debug|Any CPU
		{A8B3E924-1F17-45E0-B4E8-FBC8E30BCFA6}.Release|Any CPU.ActiveCfg = Release|Any CPU
		{A8B3E924-1F17-45E0-B4E8-FBC8E30BCFA6}.Release|Any CPU.Build.0 = Release|Any CPU
		{97508986-F11E-4BBB-A314-9C524E33DC0A}.Debug|Any CPU.ActiveCfg = Debug|Any CPU
		{97508986-F11E-4BBB-A314-9C524E33DC0A}.Debug|Any CPU.Build.0 = Debug|Any CPU
		{97508986-F11E-4BBB-A314-9C524E33DC0A}.Release|Any CPU.ActiveCfg = Release|Any CPU
		{97508986-F11E-4BBB-A314-9C524E33DC0A}.Release|Any CPU.Build.0 = Release|Any CPU
		{03B63393-B75A-40F2-BB33-7B0C72D3A409}.Debug|Any CPU.ActiveCfg = Debug|Any CPU
		{03B63393-B75A-40F2-BB33-7B0C72D3A409}.Debug|Any CPU.Build.0 = Debug|Any CPU
		{03B63393-B75A-40F2-BB33-7B0C72D3A409}.Release|Any CPU.ActiveCfg = Release|Any CPU
		{03B63393-B75A-40F2-BB33-7B0C72D3A409}.Release|Any CPU.Build.0 = Release|Any CPU
		{27F0C724-A4B2-4F47-AB91-5A7CC931F5BF}.Debug|Any CPU.ActiveCfg = Debug|Any CPU
		{27F0C724-A4B2-4F47-AB91-5A7CC931F5BF}.Debug|Any CPU.Build.0 = Debug|Any CPU
		{27F0C724-A4B2-4F47-AB91-5A7CC931F5BF}.Release|Any CPU.ActiveCfg = Release|Any CPU
		{27F0C724-A4B2-4F47-AB91-5A7CC931F5BF}.Release|Any CPU.Build.0 = Release|Any CPU
		{FAAC6D5B-D538-41F0-9953-4707ACC8A387}.Debug|Any CPU.ActiveCfg = Debug|Any CPU
		{FAAC6D5B-D538-41F0-9953-4707ACC8A387}.Debug|Any CPU.Build.0 = Debug|Any CPU
		{FAAC6D5B-D538-41F0-9953-4707ACC8A387}.Release|Any CPU.ActiveCfg = Release|Any CPU
		{FAAC6D5B-D538-41F0-9953-4707ACC8A387}.Release|Any CPU.Build.0 = Release|Any CPU
		{4540B337-22C5-47DA-BF9F-2A7765AB0EFB}.Debug|Any CPU.ActiveCfg = Debug|Any CPU
		{4540B337-22C5-47DA-BF9F-2A7765AB0EFB}.Debug|Any CPU.Build.0 = Debug|Any CPU
		{4540B337-22C5-47DA-BF9F-2A7765AB0EFB}.Release|Any CPU.ActiveCfg = Release|Any CPU
		{4540B337-22C5-47DA-BF9F-2A7765AB0EFB}.Release|Any CPU.Build.0 = Release|Any CPU
		{1880A4E6-4EE8-4724-BFD9-AAE68F685402}.Debug|Any CPU.ActiveCfg = Debug|Any CPU
		{1880A4E6-4EE8-4724-BFD9-AAE68F685402}.Debug|Any CPU.Build.0 = Debug|Any CPU
		{1880A4E6-4EE8-4724-BFD9-AAE68F685402}.Release|Any CPU.ActiveCfg = Release|Any CPU
		{1880A4E6-4EE8-4724-BFD9-AAE68F685402}.Release|Any CPU.Build.0 = Release|Any CPU
		{233B05CC-9FE2-4C10-B5FE-F5CE66632A7E}.Debug|Any CPU.ActiveCfg = Debug|Any CPU
		{233B05CC-9FE2-4C10-B5FE-F5CE66632A7E}.Debug|Any CPU.Build.0 = Debug|Any CPU
		{233B05CC-9FE2-4C10-B5FE-F5CE66632A7E}.Release|Any CPU.ActiveCfg = Release|Any CPU
		{233B05CC-9FE2-4C10-B5FE-F5CE66632A7E}.Release|Any CPU.Build.0 = Release|Any CPU
		{98EFAE23-F41E-4708-A442-C8534BDB42A9}.Debug|Any CPU.ActiveCfg = Debug|Any CPU
		{98EFAE23-F41E-4708-A442-C8534BDB42A9}.Debug|Any CPU.Build.0 = Debug|Any CPU
		{98EFAE23-F41E-4708-A442-C8534BDB42A9}.Release|Any CPU.ActiveCfg = Release|Any CPU
		{98EFAE23-F41E-4708-A442-C8534BDB42A9}.Release|Any CPU.Build.0 = Release|Any CPU
		{B13D6D31-D5CB-4174-A3AB-A1C04693D56B}.Debug|Any CPU.ActiveCfg = Debug|Any CPU
		{B13D6D31-D5CB-4174-A3AB-A1C04693D56B}.Debug|Any CPU.Build.0 = Debug|Any CPU
		{B13D6D31-D5CB-4174-A3AB-A1C04693D56B}.Release|Any CPU.ActiveCfg = Release|Any CPU
		{B13D6D31-D5CB-4174-A3AB-A1C04693D56B}.Release|Any CPU.Build.0 = Release|Any CPU
		{C284D150-CFD5-45BA-8AC9-764D676BDA41}.Debug|Any CPU.ActiveCfg = Debug|Any CPU
		{C284D150-CFD5-45BA-8AC9-764D676BDA41}.Debug|Any CPU.Build.0 = Debug|Any CPU
		{C284D150-CFD5-45BA-8AC9-764D676BDA41}.Release|Any CPU.ActiveCfg = Release|Any CPU
		{C284D150-CFD5-45BA-8AC9-764D676BDA41}.Release|Any CPU.Build.0 = Release|Any CPU
		{ADF98A53-B8FE-4537-B1F6-465A7464371E}.Debug|Any CPU.ActiveCfg = Debug|Any CPU
		{ADF98A53-B8FE-4537-B1F6-465A7464371E}.Debug|Any CPU.Build.0 = Debug|Any CPU
		{ADF98A53-B8FE-4537-B1F6-465A7464371E}.Release|Any CPU.ActiveCfg = Release|Any CPU
		{ADF98A53-B8FE-4537-B1F6-465A7464371E}.Release|Any CPU.Build.0 = Release|Any CPU
		{5D4DE404-AB2C-4413-ABFC-59365CD85DA5}.Debug|Any CPU.ActiveCfg = Debug|Any CPU
		{5D4DE404-AB2C-4413-ABFC-59365CD85DA5}.Debug|Any CPU.Build.0 = Debug|Any CPU
		{5D4DE404-AB2C-4413-ABFC-59365CD85DA5}.Release|Any CPU.ActiveCfg = Release|Any CPU
		{5D4DE404-AB2C-4413-ABFC-59365CD85DA5}.Release|Any CPU.Build.0 = Release|Any CPU
		{7ED54D75-3B9B-4467-8DBE-E16BDC65CFF7}.Debug|Any CPU.ActiveCfg = Debug|Any CPU
		{7ED54D75-3B9B-4467-8DBE-E16BDC65CFF7}.Debug|Any CPU.Build.0 = Debug|Any CPU
		{7ED54D75-3B9B-4467-8DBE-E16BDC65CFF7}.Release|Any CPU.ActiveCfg = Release|Any CPU
		{7ED54D75-3B9B-4467-8DBE-E16BDC65CFF7}.Release|Any CPU.Build.0 = Release|Any CPU
		{E15BC971-0DCC-4D11-B1BF-95BFE0222722}.Debug|Any CPU.ActiveCfg = Debug|Any CPU
		{E15BC971-0DCC-4D11-B1BF-95BFE0222722}.Debug|Any CPU.Build.0 = Debug|Any CPU
		{E15BC971-0DCC-4D11-B1BF-95BFE0222722}.Release|Any CPU.ActiveCfg = Release|Any CPU
		{E15BC971-0DCC-4D11-B1BF-95BFE0222722}.Release|Any CPU.Build.0 = Release|Any CPU
		{C68D877C-9459-4E47-9785-82D8FE9BBB76}.Debug|Any CPU.ActiveCfg = Debug|Any CPU
		{C68D877C-9459-4E47-9785-82D8FE9BBB76}.Debug|Any CPU.Build.0 = Debug|Any CPU
		{C68D877C-9459-4E47-9785-82D8FE9BBB76}.Release|Any CPU.ActiveCfg = Release|Any CPU
		{C68D877C-9459-4E47-9785-82D8FE9BBB76}.Release|Any CPU.Build.0 = Release|Any CPU
		{52A97E13-E06F-44AA-8A22-9E0DE620D3B9}.Debug|Any CPU.ActiveCfg = Debug|Any CPU
		{52A97E13-E06F-44AA-8A22-9E0DE620D3B9}.Debug|Any CPU.Build.0 = Debug|Any CPU
		{52A97E13-E06F-44AA-8A22-9E0DE620D3B9}.Release|Any CPU.ActiveCfg = Release|Any CPU
		{52A97E13-E06F-44AA-8A22-9E0DE620D3B9}.Release|Any CPU.Build.0 = Release|Any CPU
		{53E2773B-A39E-40EA-A210-68B0F8E01DDA}.Debug|Any CPU.ActiveCfg = Debug|Any CPU
		{53E2773B-A39E-40EA-A210-68B0F8E01DDA}.Debug|Any CPU.Build.0 = Debug|Any CPU
		{53E2773B-A39E-40EA-A210-68B0F8E01DDA}.Release|Any CPU.ActiveCfg = Release|Any CPU
		{53E2773B-A39E-40EA-A210-68B0F8E01DDA}.Release|Any CPU.Build.0 = Release|Any CPU
	EndGlobalSection
	GlobalSection(SolutionProperties) = preSolution
		HideSolutionNode = FALSE
	EndGlobalSection
	GlobalSection(ExtensibilityGlobals) = postSolution
		SolutionGuid = {5F67AF72-E32E-4B9C-A641-91DB311C7984}
	EndGlobalSection
EndGlobal
